{
  "name": "vite-plugin-mock-server",
  "version": "1.0.3",
  "lockfileVersion": 1,
  "requires": true,
  "dependencies": {
    "@howiefh/ant-path-matcher": {
      "version": "0.0.2",
      "resolved": "https://registry.nlark.com/@howiefh/ant-path-matcher/download/@howiefh/ant-path-matcher-0.0.2.tgz",
      "integrity": "sha1-/mDEaL5efrDEiYOw93DHZymgMiM="
    },
    "@types/node": {
      "version": "15.12.4",
      "resolved": "https://registry.nlark.com/@types/node/download/@types/node-15.12.4.tgz?cache=0&sync_timestamp=1624437151657&other_urls=https%3A%2F%2Fregistry.nlark.com%2F%40types%2Fnode%2Fdownload%2F%40types%2Fnode-15.12.4.tgz",
      "integrity": "sha1-4c+BfXCh4RjoGSLE/2aDzp1CLiY=",
      "dev": true
    },
    "anymatch": {
      "version": "3.1.2",
      "resolved": "https://registry.npm.taobao.org/anymatch/download/anymatch-3.1.2.tgz",
      "integrity": "sha1-wFV8CWrzLxBhmPT04qODU343hxY=",
      "requires": {
        "normalize-path": "^3.0.0",
        "picomatch": "^2.0.4"
      }
    },
    "binary-extensions": {
      "version": "2.2.0",
      "resolved": "https://registry.npm.taobao.org/binary-extensions/download/binary-extensions-2.2.0.tgz?cache=0&sync_timestamp=1610299293319&other_urls=https%3A%2F%2Fregistry.npm.taobao.org%2Fbinary-extensions%2Fdownload%2Fbinary-extensions-2.2.0.tgz",
      "integrity": "sha1-dfUC7q+f/eQvyYgpZFvk6na9ni0="
    },
    "braces": {
      "version": "3.0.2",
      "resolved": "https://registry.npm.taobao.org/braces/download/braces-3.0.2.tgz",
      "integrity": "sha1-NFThpGLujVmeI23zNs2epPiv4Qc=",
      "requires": {
        "fill-range": "^7.0.1"
      }
    },
    "chokidar": {
      "version": "3.5.2",
      "resolved": "https://registry.nlark.com/chokidar/download/chokidar-3.5.2.tgz",
      "integrity": "sha1-26OXb8rbAW9m/TZQIdkWANAcHnU=",
      "requires": {
        "anymatch": "~3.1.2",
        "braces": "~3.0.2",
        "fsevents": "~2.3.2",
        "glob-parent": "~5.1.2",
        "is-binary-path": "~2.1.0",
        "is-glob": "~4.0.1",
        "normalize-path": "~3.0.0",
        "readdirp": "~3.6.0"
      }
    },
    "colorette": {
      "version": "1.2.2",
      "resolved": "https://registry.npm.taobao.org/colorette/download/colorette-1.2.2.tgz?cache=0&sync_timestamp=1614259647923&other_urls=https%3A%2F%2Fregistry.npm.taobao.org%2Fcolorette%2Fdownload%2Fcolorette-1.2.2.tgz",
      "integrity": "sha1-y8x51emcrqLb8Q6zom/Ys+as+pQ=",
      "dev": true
    },
    "esbuild": {
      "version": "0.12.9",
      "resolved": "https://registry.nlark.com/esbuild/download/esbuild-0.12.9.tgz?cache=0&sync_timestamp=1623821258398&other_urls=https%3A%2F%2Fregistry.nlark.com%2Fesbuild%2Fdownload%2Fesbuild-0.12.9.tgz",
      "integrity": "sha1-vtTnCHwobNgdl1Yx931H/rFmAHA=",
      "dev": true
    },
    "fill-range": {
      "version": "7.0.1",
      "resolved": "https://registry.npm.taobao.org/fill-range/download/fill-range-7.0.1.tgz",
      "integrity": "sha1-GRmmp8df44ssfHflGYU12prN2kA=",
      "requires": {
        "to-regex-range": "^5.0.1"
      }
    },
    "fsevents": {
      "version": "2.3.2",
      "resolved": "https://registry.npm.taobao.org/fsevents/download/fsevents-2.3.2.tgz?cache=0&sync_timestamp=1612537044236&other_urls=https%3A%2F%2Fregistry.npm.taobao.org%2Ffsevents%2Fdownload%2Ffsevents-2.3.2.tgz",
      "integrity": "sha1-ilJveLj99GI7cJ4Ll1xSwkwC/Ro=",
      "optional": true
    },
    "function-bind": {
      "version": "1.1.1",
      "resolved": "https://registry.npm.taobao.org/function-bind/download/function-bind-1.1.1.tgz",
      "integrity": "sha1-pWiZ0+o8m6uHS7l3O3xe3pL0iV0=",
      "dev": true
    },
    "glob-parent": {
      "version": "5.1.2",
      "resolved": "https://registry.nlark.com/glob-parent/download/glob-parent-5.1.2.tgz?cache=0&sync_timestamp=1620073245729&other_urls=https%3A%2F%2Fregistry.nlark.com%2Fglob-parent%2Fdownload%2Fglob-parent-5.1.2.tgz",
      "integrity": "sha1-hpgyxYA0/mikCTwX3BXoNA2EAcQ=",
      "requires": {
        "is-glob": "^4.0.1"
      }
    },
    "has": {
      "version": "1.0.3",
      "resolved": "https://registry.npm.taobao.org/has/download/has-1.0.3.tgz",
      "integrity": "sha1-ci18v8H2qoJB8W3YFOAR4fQeh5Y=",
      "dev": true,
      "requires": {
        "function-bind": "^1.1.1"
      }
    },
    "is-binary-path": {
      "version": "2.1.0",
      "resolved": "https://registry.npm.taobao.org/is-binary-path/download/is-binary-path-2.1.0.tgz",
      "integrity": "sha1-6h9/O4DwZCNug0cPhsCcJU+0Wwk=",
      "requires": {
        "binary-extensions": "^2.0.0"
      }
    },
    "is-core-module": {
      "version": "2.4.0",
      "resolved": "https://registry.nlark.com/is-core-module/download/is-core-module-2.4.0.tgz?cache=0&sync_timestamp=1620592629366&other_urls=https%3A%2F%2Fregistry.nlark.com%2Fis-core-module%2Fdownload%2Fis-core-module-2.4.0.tgz",
      "integrity": "sha1-jp/I4VAnsBFBgCbpjw5vTYYwXME=",
      "dev": true,
      "requires": {
        "has": "^1.0.3"
      }
    },
    "is-extglob": {
      "version": "2.1.1",
      "resolved": "https://registry.npm.taobao.org/is-extglob/download/is-extglob-2.1.1.tgz",
      "integrity": "sha1-qIwCU1eR8C7TfHahueqXc8gz+MI="
    },
    "is-glob": {
      "version": "4.0.1",
      "resolved": "https://registry.npm.taobao.org/is-glob/download/is-glob-4.0.1.tgz",
      "integrity": "sha1-dWfb6fL14kZ7x3q4PEopSCQHpdw=",
      "requires": {
        "is-extglob": "^2.1.1"
      }
    },
    "is-number": {
      "version": "7.0.0",
      "resolved": "https://registry.npm.taobao.org/is-number/download/is-number-7.0.0.tgz",
      "integrity": "sha1-dTU0W4lnNNX4DE0GxQlVUnoU8Ss="
    },
    "nanoid": {
      "version": "3.1.23",
      "resolved": "https://registry.nlark.com/nanoid/download/nanoid-3.1.23.tgz",
      "integrity": "sha1-90QIbOfCvEfuCoRyV01ceOQYOoE=",
      "dev": true
    },
    "normalize-path": {
      "version": "3.0.0",
      "resolved": "https://registry.npm.taobao.org/normalize-path/download/normalize-path-3.0.0.tgz",
      "integrity": "sha1-Dc1p/yOhybEf0JeDFmRKA4ghamU="
    },
    "path-parse": {
      "version": "1.0.7",
      "resolved": "https://registry.nlark.com/path-parse/download/path-parse-1.0.7.tgz",
      "integrity": "sha1-+8EUtgykKzDZ2vWFjkvWi77bZzU=",
      "dev": true
    },
    "picomatch": {
      "version": "2.3.0",
      "resolved": "https://registry.nlark.com/picomatch/download/picomatch-2.3.0.tgz",
      "integrity": "sha1-8fBh3o9qS/AiiS4tEoI0+5gwKXI="
    },
    "postcss": {
      "version": "8.3.5",
      "resolved": "https://registry.nlark.com/postcss/download/postcss-8.3.5.tgz",
      "integrity": "sha1-mCIWsRNBK8IKhiiekeuZSVKltwk=",
      "dev": true,
      "requires": {
        "colorette": "^1.2.2",
        "nanoid": "^3.1.23",
        "source-map-js": "^0.6.2"
      }
    },
    "readdirp": {
      "version": "3.6.0",
      "resolved": "https://registry.npm.taobao.org/readdirp/download/readdirp-3.6.0.tgz?cache=0&other_urls=https%3A%2F%2Fregistry.npm.taobao.org%2Freaddirp%2Fdownload%2Freaddirp-3.6.0.tgz",
      "integrity": "sha1-dKNwvYVxFuJFspzJc0DNQxoCpsc=",
      "requires": {
        "picomatch": "^2.2.1"
      }
    },
    "resolve": {
      "version": "1.20.0",
      "resolved": "https://registry.npm.taobao.org/resolve/download/resolve-1.20.0.tgz",
      "integrity": "sha1-YpoBP7P3B1XW8LeTXMHCxTeLGXU=",
      "dev": true,
      "requires": {
        "is-core-module": "^2.2.0",
        "path-parse": "^1.0.6"
      }
    },
    "rollup": {
      "version": "2.52.2",
      "resolved": "https://registry.nlark.com/rollup/download/rollup-2.52.2.tgz",
      "integrity": "sha1-p+kNEN2uPoRywoV72fRLCe80pHo=",
      "dev": true,
      "requires": {
        "fsevents": "~2.3.2"
      }
    },
    "source-map-js": {
      "version": "0.6.2",
      "resolved": "https://registry.npm.taobao.org/source-map-js/download/source-map-js-0.6.2.tgz",
      "integrity": "sha1-C7XeYxtBz72mz7qL0FqA79/SOF4=",
      "dev": true
    },
    "to-regex-range": {
      "version": "5.0.1",
      "resolved": "https://registry.npm.taobao.org/to-regex-range/download/to-regex-range-5.0.1.tgz",
      "integrity": "sha1-FkjESq58jZiKMmAY7XL1tN0DkuQ=",
      "requires": {
        "is-number": "^7.0.0"
      }
    },
    "typescript": {
      "version": "4.3.4",
      "resolved": "https://registry.nlark.com/typescript/download/typescript-4.3.4.tgz?cache=0&sync_timestamp=1624519067446&other_urls=https%3A%2F%2Fregistry.nlark.com%2Ftypescript%2Fdownload%2Ftypescript-4.3.4.tgz",
      "integrity": "sha1-P4W5hpRbzzEHHezdls+L+mX53Lw=",
      "dev": true
    },
    "vite": {
      "version": "2.3.8",
      "resolved": "https://registry.nlark.com/vite/download/vite-2.3.8.tgz",
      "integrity": "sha1-QuPgOVOFn9QQ5OarPRzKCqsq3Dw=",
      "dev": true,
      "requires": {
        "esbuild": "^0.12.8",
        "fsevents": "~2.3.2",
        "postcss": "^8.3.4",
        "resolve": "^1.20.0",
        "rollup": "^2.38.5"
      }
    }
  }
}
